// !$*UTF8*$!
{
	archiveVersion = 1;
	classes = {
	};
	objectVersion = 50;
	objects = {

/* Begin PBXBuildFile section */
		330C5EA1218A2D3B0062677D /* AppDelegate.swift in Sources */ = {isa = PBXBuildFile; fileRef = 330C5EA0218A2D3B0062677D /* AppDelegate.swift */; };
		330C5EA3218A2D3B0062677D /* ViewController.swift in Sources */ = {isa = PBXBuildFile; fileRef = 330C5EA2218A2D3B0062677D /* ViewController.swift */; };
		330C5EA6218A2D3B0062677D /* Main.storyboard in Resources */ = {isa = PBXBuildFile; fileRef = 330C5EA4218A2D3B0062677D /* Main.storyboard */; };
		330C5EA8218A2D3E0062677D /* Assets.xcassets in Resources */ = {isa = PBXBuildFile; fileRef = 330C5EA7218A2D3E0062677D /* Assets.xcassets */; };
		330C5EAB218A2D3E0062677D /* LaunchScreen.storyboard in Resources */ = {isa = PBXBuildFile; fileRef = 330C5EA9218A2D3E0062677D /* LaunchScreen.storyboard */; };
		330C5EB7218A2F0E0062677D /* PokedexModel.swift in Sources */ = {isa = PBXBuildFile; fileRef = 330C5EB3218A2F0E0062677D /* PokedexModel.swift */; };
		330C5EB8218A2F0E0062677D /* pokedex.plist in Resources */ = {isa = PBXBuildFile; fileRef = 330C5EB4218A2F0E0062677D /* pokedex.plist */; };
		330C5EB9218A2F0E0062677D /* Race.swift in Sources */ = {isa = PBXBuildFile; fileRef = 330C5EB5218A2F0E0062677D /* Race.swift */; };
		330C5EBA218A2F0E0062677D /* Type.swift in Sources */ = {isa = PBXBuildFile; fileRef = 330C5EB6218A2F0E0062677D /* Type.swift */; };
		330C5EBC218A2FD40062677D /* TypesTableViewController.swift in Sources */ = {isa = PBXBuildFile; fileRef = 330C5EBB218A2FD40062677D /* TypesTableViewController.swift */; };
		330C5EBE218A32550062677D /* TypesTableViewCell.swift in Sources */ = {isa = PBXBuildFile; fileRef = 330C5EBD218A32550062677D /* TypesTableViewCell.swift */; };
		330C5EC0218A3B1D0062677D /* RacesTableViewController.swift in Sources */ = {isa = PBXBuildFile; fileRef = 330C5EBF218A3B1D0062677D /* RacesTableViewController.swift */; };
		330C5EC2218F8E0D0062677D /* WebViewController.swift in Sources */ = {isa = PBXBuildFile; fileRef = 330C5EC1218F8E0D0062677D /* WebViewController.swift */; };
/* End PBXBuildFile section */

/* Begin PBXFileReference section */
		330C5E9D218A2D3B0062677D /* Pokedex.app */ = {isa = PBXFileReference; explicitFileType = wrapper.application; includeInIndex = 0; path = Pokedex.app; sourceTree = BUILT_PRODUCTS_DIR; };
		330C5EA0218A2D3B0062677D /* AppDelegate.swift */ = {isa = PBXFileReference; lastKnownFileType = sourcecode.swift; path = AppDelegate.swift; sourceTree = "<group>"; };
		330C5EA2218A2D3B0062677D /* ViewController.swift */ = {isa = PBXFileReference; lastKnownFileType = sourcecode.swift; path = ViewController.swift; sourceTree = "<group>"; };
		330C5EA5218A2D3B0062677D /* Base */ = {isa = PBXFileReference; lastKnownFileType = file.storyboard; name = Base; path = Base.lproj/Main.storyboard; sourceTree = "<group>"; };
		330C5EA7218A2D3E0062677D /* Assets.xcassets */ = {isa = PBXFileReference; lastKnownFileType = folder.assetcatalog; path = Assets.xcassets; sourceTree = "<group>"; };
		330C5EAA218A2D3E0062677D /* Base */ = {isa = PBXFileReference; lastKnownFileType = file.storyboard; name = Base; path = Base.lproj/LaunchScreen.storyboard; sourceTree = "<group>"; };
		330C5EAC218A2D3E0062677D /* Info.plist */ = {isa = PBXFileReference; lastKnownFileType = text.plist.xml; path = Info.plist; sourceTree = "<group>"; };
		330C5EB3218A2F0E0062677D /* PokedexModel.swift */ = {isa = PBXFileReference; fileEncoding = 4; lastKnownFileType = sourcecode.swift; path = PokedexModel.swift; sourceTree = "<group>"; };
		330C5EB4218A2F0E0062677D /* pokedex.plist */ = {isa = PBXFileReference; fileEncoding = 4; lastKnownFileType = text.plist.xml; path = pokedex.plist; sourceTree = "<group>"; };
		330C5EB5218A2F0E0062677D /* Race.swift */ = {isa = PBXFileReference; fileEncoding = 4; lastKnownFileType = sourcecode.swift; path = Race.swift; sourceTree = "<group>"; };
		330C5EB6218A2F0E0062677D /* Type.swift */ = {isa = PBXFileReference; fileEncoding = 4; lastKnownFileType = sourcecode.swift; path = Type.swift; sourceTree = "<group>"; };
		330C5EBB218A2FD40062677D /* TypesTableViewController.swift */ = {isa = PBXFileReference; lastKnownFileType = sourcecode.swift; path = TypesTableViewController.swift; sourceTree = "<group>"; };
		330C5EBD218A32550062677D /* TypesTableViewCell.swift */ = {isa = PBXFileReference; lastKnownFileType = sourcecode.swift; path = TypesTableViewCell.swift; sourceTree = "<group>"; };
		330C5EBF218A3B1D0062677D /* RacesTableViewController.swift */ = {isa = PBXFileReference; lastKnownFileType = sourcecode.swift; path = RacesTableViewController.swift; sourceTree = "<group>"; };
		330C5EC1218F8E0D0062677D /* WebViewController.swift */ = {isa = PBXFileReference; lastKnownFileType = sourcecode.swift; path = WebViewController.swift; sourceTree = "<group>"; };
/* End PBXFileReference section */

/* Begin PBXFrameworksBuildPhase section */
		330C5E9A218A2D3B0062677D /* Frameworks */ = {
			isa = PBXFrameworksBuildPhase;
			buildActionMask = 2147483647;
			files = (
			);
			runOnlyForDeploymentPostprocessing = 0;
		};
/* End PBXFrameworksBuildPhase section */

/* Begin PBXGroup section */
		330C5E94218A2D3A0062677D = {
			isa = PBXGroup;
			children = (
				330C5E9F218A2D3B0062677D /* Pokedex */,
				330C5E9E218A2D3B0062677D /* Products */,
			);
			sourceTree = "<group>";
		};
		330C5E9E218A2D3B0062677D /* Products */ = {
			isa = PBXGroup;
			children = (
				330C5E9D218A2D3B0062677D /* Pokedex.app */,
			);
			name = Products;
			sourceTree = "<group>";
		};
		330C5E9F218A2D3B0062677D /* Pokedex */ = {
			isa = PBXGroup;
			children = (
				330C5EB2218A2DE90062677D /* Modelo */,
				330C5EA0218A2D3B0062677D /* AppDelegate.swift */,
				330C5EA2218A2D3B0062677D /* ViewController.swift */,
				330C5EA4218A2D3B0062677D /* Main.storyboard */,
				330C5EA7218A2D3E0062677D /* Assets.xcassets */,
				330C5EA9218A2D3E0062677D /* LaunchScreen.storyboard */,
				330C5EAC218A2D3E0062677D /* Info.plist */,
				330C5EBB218A2FD40062677D /* TypesTableViewController.swift */,
				330C5EBD218A32550062677D /* TypesTableViewCell.swift */,
				330C5EBF218A3B1D0062677D /* RacesTableViewController.swift */,
				330C5EC1218F8E0D0062677D /* WebViewController.swift */,
			);
			path = Pokedex;
			sourceTree = "<group>";
		};
		330C5EB2218A2DE90062677D /* Modelo */ = {
			isa = PBXGroup;
			children = (
				330C5EB4218A2F0E0062677D /* pokedex.plist */,
				330C5EB3218A2F0E0062677D /* PokedexModel.swift */,
				330C5EB5218A2F0E0062677D /* Race.swift */,
				330C5EB6218A2F0E0062677D /* Type.swift */,
			);
			path = Modelo;
			sourceTree = "<group>";
		};
/* End PBXGroup section */

/* Begin PBXNativeTarget section */
		330C5E9C218A2D3B0062677D /* Pokedex */ = {
			isa = PBXNativeTarget;
			buildConfigurationList = 330C5EAF218A2D3E0062677D /* Build configuration list for PBXNativeTarget "Pokedex" */;
			buildPhases = (
				330C5E99218A2D3B0062677D /* Sources */,
				330C5E9A218A2D3B0062677D /* Frameworks */,
				330C5E9B218A2D3B0062677D /* Resources */,
			);
			buildRules = (
			);
			dependencies = (
			);
			name = Pokedex;
			productName = Pokedex;
			productReference = 330C5E9D218A2D3B0062677D /* Pokedex.app */;
			productType = "com.apple.product-type.application";
		};
/* End PBXNativeTarget section */

/* Begin PBXProject section */
		330C5E95218A2D3A0062677D /* Project object */ = {
			isa = PBXProject;
			attributes = {
				LastSwiftUpdateCheck = 0940;
				LastUpgradeCheck = 0940;
				ORGANIZATIONNAME = UPM;
				TargetAttributes = {
					330C5E9C218A2D3B0062677D = {
						CreatedOnToolsVersion = 9.4.1;
					};
				};
			};
			buildConfigurationList = 330C5E98218A2D3A0062677D /* Build configuration list for PBXProject "Pokedex" */;
			compatibilityVersion = "Xcode 9.3";
			developmentRegion = en;
			hasScannedForEncodings = 0;
			knownRegions = (
				en,
				Base,
			);
			mainGroup = 330C5E94218A2D3A0062677D;
			productRefGroup = 330C5E9E218A2D3B0062677D /* Products */;
			projectDirPath = "";
			projectRoot = "";
			targets = (
				330C5E9C218A2D3B0062677D /* Pokedex */,
			);
		};
/* End PBXProject section */

/* Begin PBXResourcesBuildPhase section */
		330C5E9B218A2D3B0062677D /* Resources */ = {
			isa = PBXResourcesBuildPhase;
			buildActionMask = 2147483647;
			files = (
				330C5EAB218A2D3E0062677D /* LaunchScreen.storyboard in Resources */,
				330C5EA8218A2D3E0062677D /* Assets.xcassets in Resources */,
				330C5EA6218A2D3B0062677D /* Main.storyboard in Resources */,
				330C5EB8218A2F0E0062677D /* pokedex.plist in Resources */,
			);
			runOnlyForDeploymentPostprocessing = 0;
		};
/* End PBXResourcesBuildPhase section */

/* Begin PBXSourcesBuildPhase section */
		330C5E99218A2D3B0062677D /* Sources */ = {
			isa = PBXSourcesBuildPhase;
			buildActionMask = 2147483647;
			files = (
				330C5EBA218A2F0E0062677D /* Type.swift in Sources */,
				330C5EC2218F8E0D0062677D /* WebViewController.swift in Sources */,
				330C5EB9218A2F0E0062677D /* Race.swift in Sources */,
				330C5EA3218A2D3B0062677D /* ViewController.swift in Sources */,
				330C5EB7218A2F0E0062677D /* PokedexModel.swift in Sources */,
				330C5EA1218A2D3B0062677D /* AppDelegate.swift in Sources */,
				330C5EBC218A2FD40062677D /* TypesTableViewController.swift in Sources */,
				330C5EC0218A3B1D0062677D /* RacesTableViewController.swift in Sources */,
				330C5EBE218A32550062677D /* TypesTableViewCell.swift in Sources */,
			);
			runOnlyForDeploymentPostprocessing = 0;
		};
/* End PBXSourcesBuildPhase section */

/* Begin PBXVariantGroup section */
		330C5EA4218A2D3B0062677D /* Main.storyboard */ = {
			isa = PBXVariantGroup;
			children = (
				330C5EA5218A2D3B0062677D /* Base */,
			);
			name = Main.storyboard;
			sourceTree = "<group>";
		};
		330C5EA9218A2D3E0062677D /* LaunchScreen.storyboard */ = {
			isa = PBXVariantGroup;
			children = (
				330C5EAA218A2D3E0062677D /* Base */,
			);
			name = LaunchScreen.storyboard;
			sourceTree = "<group>";
		};
/* End PBXVariantGroup section */

/* Begin XCBuildConfiguration section */
		330C5EAD218A2D3E0062677D /* Debug */ = {
			isa = XCBuildConfiguration;
			buildSettings = {
				ALWAYS_SEARCH_USER_PATHS = NO;
				CLANG_ANALYZER_NONNULL = YES;
				CLANG_ANALYZER_NUMBER_OBJECT_CONVERSION = YES_AGGRESSIVE;
				CLANG_CXX_LANGUAGE_STANDARD = "gnu++14";
				CLANG_CXX_LIBRARY = "libc++";
				CLANG_ENABLE_MODULES = YES;
				CLANG_ENABLE_OBJC_ARC = YES;
				CLANG_ENABLE_OBJC_WEAK = YES;
				CLANG_WARN_BLOCK_CAPTURE_AUTORELEASING = YES;
				CLANG_WARN_BOOL_CONVERSION = YES;
				CLANG_WARN_COMMA = YES;
				CLANG_WARN_CONSTANT_CONVERSION = YES;
				CLANG_WARN_DEPRECATED_OBJC_IMPLEMENTATIONS = YES;
				CLANG_WARN_DIRECT_OBJC_ISA_USAGE = YES_ERROR;
				CLANG_WARN_DOCUMENTATION_COMMENTS = YES;
				CLANG_WARN_EMPTY_BODY = YES;
				CLANG_WARN_ENUM_CONVERSION = YES;
				CLANG_WARN_INFINITE_RECURSION = YES;
				CLANG_WARN_INT_CONVERSION = YES;
				CLANG_WARN_NON_LITERAL_NULL_CONVERSION = YES;
				CLANG_WARN_OBJC_IMPLICIT_RETAIN_SELF = YES;
				CLANG_WARN_OBJC_LITERAL_CONVERSION = YES;
				CLANG_WARN_OBJC_ROOT_CLASS = YES_ERROR;
				CLANG_WARN_RANGE_LOOP_ANALYSIS = YES;
				CLANG_WARN_STRICT_PROTOTYPES = YES;
				CLANG_WARN_SUSPICIOUS_MOVE = YES;
				CLANG_WARN_UNGUARDED_AVAILABILITY = YES_AGGRESSIVE;
				CLANG_WARN_UNREACHABLE_CODE = YES;
				CLANG_WARN__DUPLICATE_METHOD_MATCH = YES;
				CODE_SIGN_IDENTITY = "iPhone Developer";
				COPY_PHASE_STRIP = NO;
				DEBUG_INFORMATION_FORMAT = dwarf;
				ENABLE_STRICT_OBJC_MSGSEND = YES;
				ENABLE_TESTABILITY = YES;
				GCC_C_LANGUAGE_STANDARD = gnu11;
				GCC_DYNAMIC_NO_PIC = NO;
				GCC_NO_COMMON_BLOCKS = YES;
				GCC_OPTIMIZATION_LEVEL = 0;
				GCC_PREPROCESSOR_DEFINITIONS = (
					"DEBUG=1",
					"$(inherited)",
				);
				GCC_WARN_64_TO_32_BIT_CONVERSION = YES;
				GCC_WARN_ABOUT_RETURN_TYPE = YES_ERROR;
				GCC_WARN_UNDECLARED_SELECTOR = YES;
				GCC_WARN_UNINITIALIZED_AUTOS = YES_AGGRESSIVE;
				GCC_WARN_UNUSED_FUNCTION = YES;
				GCC_WARN_UNUSED_VARIABLE = YES;
				IPHONEOS_DEPLOYMENT_TARGET = 11.4;
				MTL_ENABLE_DEBUG_INFO = YES;
				ONLY_ACTIVE_ARCH = YES;
				SDKROOT = iphoneos;
				SWIFT_ACTIVE_COMPILATION_CONDITIONS = DEBUG;
				SWIFT_OPTIMIZATION_LEVEL = "-Onone";
			};
			name = Debug;
		};
		330C5EAE218A2D3E0062677D /* Release */ = {
			isa = XCBuildConfiguration;
			buildSettings = {
				ALWAYS_SEARCH_USER_PATHS = NO;
				CLANG_ANALYZER_NONNULL = YES;
				CLANG_ANALYZER_NUMBER_OBJECT_CONVERSION = YES_AGGRESSIVE;
				CLANG_CXX_LANGUAGE_STANDARD = "gnu++14";
				CLANG_CXX_LIBRARY = "libc++";
				CLANG_ENABLE_MODULES = YES;
				CLANG_ENABLE_OBJC_ARC = YES;
				CLANG_ENABLE_OBJC_WEAK = YES;
				CLANG_WARN_BLOCK_CAPTURE_AUTORELEASING = YES;
				CLANG_WARN_BOOL_CONVERSION = YES;
				CLANG_WARN_COMMA = YES;
				CLANG_WARN_CONSTANT_CONVERSION = YES;
				CLANG_WARN_DEPRECATED_OBJC_IMPLEMENTATIONS = YES;
				CLANG_WARN_DIRECT_OBJC_ISA_USAGE = YES_ERROR;
				CLANG_WARN_DOCUMENTATION_COMMENTS = YES;
				CLANG_WARN_EMPTY_BODY = YES;
				CLANG_WARN_ENUM_CONVERSION = YES;
				CLANG_WARN_INFINITE_RECURSION = YES;
				CLANG_WARN_INT_CONVERSION = YES;
				CLANG_WARN_NON_LITERAL_NULL_CONVERSION = YES;
				CLANG_WARN_OBJC_IMPLICIT_RETAIN_SELF = YES;
				CLANG_WARN_OBJC_LITERAL_CONVERSION = YES;
				CLANG_WARN_OBJC_ROOT_CLASS = YES_ERROR;
				CLANG_WARN_RANGE_LOOP_ANALYSIS = YES;
				CLANG_WARN_STRICT_PROTOTYPES = YES;
				CLANG_WARN_SUSPICIOUS_MOVE = YES;
				CLANG_WARN_UNGUARDED_AVAILABILITY = YES_AGGRESSIVE;
				CLANG_WARN_UNREACHABLE_CODE = YES;
				CLANG_WARN__DUPLICATE_METHOD_MATCH = YES;
				CODE_SIGN_IDENTITY = "iPhone Developer";
				COPY_PHASE_STRIP = NO;
				DEBUG_INFORMATION_FORMAT = "dwarf-with-dsym";
				ENABLE_NS_ASSERTIONS = NO;
				ENABLE_STRICT_OBJC_MSGSEND = YES;
				GCC_C_LANGUAGE_STANDARD = gnu11;
				GCC_NO_COMMON_BLOCKS = YES;
				GCC_WARN_64_TO_32_BIT_CONVERSION = YES;
				GCC_WARN_ABOUT_RETURN_TYPE = YES_ERROR;
				GCC_WARN_UNDECLARED_SELECTOR = YES;
				GCC_WARN_UNINITIALIZED_AUTOS = YES_AGGRESSIVE;
				GCC_WARN_UNUSED_FUNCTION = YES;
				GCC_WARN_UNUSED_VARIABLE = YES;
				IPHONEOS_DEPLOYMENT_TARGET = 11.4;
				MTL_ENABLE_DEBUG_INFO = NO;
				SDKROOT = iphoneos;
				SWIFT_COMPILATION_MODE = wholemodule;
				SWIFT_OPTIMIZATION_LEVEL = "-O";
				VALIDATE_PRODUCT = YES;
			};
			name = Release;
		};
		330C5EB0218A2D3E0062677D /* Debug */ = {
			isa = XCBuildConfiguration;
			buildSettings = {
				ASSETCATALOG_COMPILER_APPICON_NAME = AppIcon;
				CODE_SIGN_STYLE = Automatic;
				INFOPLIST_FILE = Pokedex/Info.plist;
				LD_RUNPATH_SEARCH_PATHS = (
					"$(inherited)",
					"@executable_path/Frameworks",
				);
				PRODUCT_BUNDLE_IDENTIFIER = es.upm.dcb.Pokedex;
				PRODUCT_NAME = "$(TARGET_NAME)";
				SWIFT_VERSION = 4.0;
				TARGETED_DEVICE_FAMILY = "1,2";
			};
			name = Debug;
		};
		330C5EB1218A2D3E0062677D /* Release */ = {
			isa = XCBuildConfiguration;
			buildSettings = {
				ASSETCATALOG_COMPILER_APPICON_NAME = AppIcon;
				CODE_SIGN_STYLE = Automatic;
				INFOPLIST_FILE = Pokedex/Info.plist;
				LD_RUNPATH_SEARCH_PATHS = (
					"$(inherited)",
					"@executable_path/Frameworks",
				);
				PRODUCT_BUNDLE_IDENTIFIER = es.upm.dcb.Pokedex;
				PRODUCT_NAME = "$(TARGET_NAME)";
				SWIFT_VERSION = 4.0;
				TARGETED_DEVICE_FAMILY = "1,2";
			};
			name = Release;
		};
/* End XCBuildConfiguration section */

/* Begin XCConfigurationList section */
		330C5E98218A2D3A0062677D /* Build configuration list for PBXProject "Pokedex" */ = {
			isa = XCConfigurationList;
			buildConfigurations = (
				330C5EAD218A2D3E0062677D /* Debug */,
				330C5EAE218A2D3E0062677D /* Release */,
			);
			defaultConfigurationIsVisible = 0;
			defaultConfigurationName = Release;
		};
		330C5EAF218A2D3E0062677D /* Build configuration list for PBXNativeTarget "Pokedex" */ = {
			isa = XCConfigurationList;
			buildConfigurations = (
				330C5EB0218A2D3E0062677D /* Debug */,
				330C5EB1218A2D3E0062677D /* Release */,
			);
			defaultConfigurationIsVisible = 0;
			defaultConfigurationName = Release;
		};
/* End XCConfigurationList section */
	};
	rootObject = 330C5E95218A2D3A0062677D /* Project object */;
}
